
Microsoft Visual Studio Solution File, Format Version 12.00
# Visual Studio Version 17
VisualStudioVersion = 17.6.33829.357
MinimumVisualStudioVersion = 10.0.40219.1
Project("{FAE04EC0-301F-11D3-BF4B-00C04F79EFBC}") = "Basic", "Basic\Basic.csproj", "{14DDE2B4-C0C8-4F1B-BBB1-99185776A2C0}"
EndProject
Global
	GlobalSection(SolutionConfigurationPlatforms) = preSolution
		Debug|Any CPU = Debug|Any CPU
		Release|Any CPU = Release|Any CPU
	EndGlobalSection
	GlobalSection(ProjectConfigurationPlatforms) = postSolution
		{14DDE2B4-C0C8-4F1B-BBB1-99185776A2C0}.Debug|Any CPU.ActiveCfg = Debug|Any CPU
		{14DDE2B4-C0C8-4F1B-BBB1-99185776A2C0}.Debug|Any CPU.Build.0 = Debug|Any CPU
		{14DDE2B4-C0C8-4F1B-BBB1-99185776A2C0}.Release|Any CPU.ActiveCfg = Release|Any CPU
		{14DDE2B4-C0C8-4F1B-BBB1-99185776A2C0}.Release|Any CPU.Build.0 = Release|Any CPU
	EndGlobalSection
	GlobalSection(SolutionProperties) = preSolution
		HideSolutionNode = FALSE
	EndGlobalSection
	GlobalSection(ExtensibilityGlobals) = postSolution
		SolutionGuid = {5A459EFB-F891-4061-BC67-6BD9944288A4}
	EndGlobalSection
EndGlobal
