
Microsoft Visual Studio Solution File, Format Version 12.00
# Visual Studio Version 17
VisualStudioVersion = 17.6.33829.357
MinimumVisualStudioVersion = 10.0.40219.1
Project("{FAE04EC0-301F-11D3-BF4B-00C04F79EFBC}") = "Cool car", "Logic Layer\Cool car.csproj", "{B3276D88-3A1C-42DC-878B-73E971A7E8C8}"
EndProject
Global
	GlobalSection(SolutionConfigurationPlatforms) = preSolution
		Debug|Any CPU = Debug|Any CPU
		Release|Any CPU = Release|Any CPU
	EndGlobalSection
	GlobalSection(ProjectConfigurationPlatforms) = postSolution
		{B3276D88-3A1C-42DC-878B-73E971A7E8C8}.Debug|Any CPU.ActiveCfg = Debug|Any CPU
		{B3276D88-3A1C-42DC-878B-73E971A7E8C8}.Debug|Any CPU.Build.0 = Debug|Any CPU
		{B3276D88-3A1C-42DC-878B-73E971A7E8C8}.Release|Any CPU.ActiveCfg = Release|Any CPU
		{B3276D88-3A1C-42DC-878B-73E971A7E8C8}.Release|Any CPU.Build.0 = Release|Any CPU
	EndGlobalSection
	GlobalSection(SolutionProperties) = preSolution
		HideSolutionNode = FALSE
	EndGlobalSection
	GlobalSection(ExtensibilityGlobals) = postSolution
		SolutionGuid = {2648905C-DA68-4B70-83A4-CFF399F7C96B}
	EndGlobalSection
EndGlobal
