
Microsoft Visual Studio Solution File, Format Version 12.00
# Visual Studio Version 17
VisualStudioVersion = 17.6.33829.357
MinimumVisualStudioVersion = 10.0.40219.1
Project("{9A19103F-16F7-4668-BE54-9A1E7A4F7556}") = "Loops", "ConsoleApp1\Loops.csproj", "{20AC5A9F-E62D-4C77-B580-04EF4DFCFDC1}"
EndProject
Global
	GlobalSection(SolutionConfigurationPlatforms) = preSolution
		Debug|Any CPU = Debug|Any CPU
		Release|Any CPU = Release|Any CPU
	EndGlobalSection
	GlobalSection(ProjectConfigurationPlatforms) = postSolution
		{20AC5A9F-E62D-4C77-B580-04EF4DFCFDC1}.Debug|Any CPU.ActiveCfg = Debug|Any CPU
		{20AC5A9F-E62D-4C77-B580-04EF4DFCFDC1}.Debug|Any CPU.Build.0 = Debug|Any CPU
		{20AC5A9F-E62D-4C77-B580-04EF4DFCFDC1}.Release|Any CPU.ActiveCfg = Release|Any CPU
		{20AC5A9F-E62D-4C77-B580-04EF4DFCFDC1}.Release|Any CPU.Build.0 = Release|Any CPU
	EndGlobalSection
	GlobalSection(SolutionProperties) = preSolution
		HideSolutionNode = FALSE
	EndGlobalSection
	GlobalSection(ExtensibilityGlobals) = postSolution
		SolutionGuid = {F56A1D2C-E9F1-46A5-88D6-CBDC260AD5B9}
	EndGlobalSection
EndGlobal
